// !$*UTF8*$!
{
	archiveVersion = 1;
	classes = {
	};
	objectVersion = 60;
	objects = {

/* Begin PBXBuildFile section */
		305A67C62FB3C70800067722 /* Assets.xcassets in Resources */ = {isa = PBXBuildFile; fileRef = 305A67BB2FB3C70800067722 /* Assets.xcassets */; };
		305A67C82FB3C70800067722 /* LaunchScreen.storyboard in Resources */ = {isa = PBXBuildFile; fileRef = 305A67BF2FB3C70800067722 /* LaunchScreen.storyboard */; };
		305A67C92FB3C70800067722 /* Main.storyboard in Resources */ = {isa = PBXBuildFile; fileRef = 305A67C12FB3C70800067722 /* Main.storyboard */; };
		305A67CA2FB3C70800067722 /* privacy_policy.md in Resources */ = {isa = PBXBuildFile; fileRef = 305A67C22FB3C70800067722 /* privacy_policy.md */; };
		305A67CB2FB3C70800067722 /* AppExternalLink.swift in Sources */ = {isa = PBXBuildFile; fileRef = 305A678C2FB3C70800067722 /* AppExternalLink.swift */; };
		305A67CC2FB3C70800067722 /* AppStorage.swift in Sources */ = {isa = PBXBuildFile; fileRef = 305A678D2FB3C70800067722 /* AppStorage.swift */; };
		305A67CD2FB3C70800067722 /* DailyChallengeSpec.swift in Sources */ = {isa = PBXBuildFile; fileRef = 305A678E2FB3C70800067722 /* DailyChallengeSpec.swift */; };
		305A67CE2FB3C70800067722 /* LevelBestRecord.swift in Sources */ = {isa = PBXBuildFile; fileRef = 305A678F2FB3C70800067722 /* LevelBestRecord.swift */; };
		305A67CF2FB3C70800067722 /* NotificationName+App.swift in Sources */ = {isa = PBXBuildFile; fileRef = 305A67902FB3C70800067722 /* NotificationName+App.swift */; };
		305A67D02FB3C70800067722 /* AppColors.swift in Sources */ = {isa = PBXBuildFile; fileRef = 305A67922FB3C70800067722 /* AppColors.swift */; };
		305A67D12FB3C70800067722 /* AppDepth.swift in Sources */ = {isa = PBXBuildFile; fileRef = 305A67932FB3C70800067722 /* AppDepth.swift */; };
		305A67D22FB3C70800067722 /* AchievementsView.swift in Sources */ = {isa = PBXBuildFile; fileRef = 305A67952FB3C70800067722 /* AchievementsView.swift */; };
		305A67D32FB3C70800067722 /* Activity1View.swift in Sources */ = {isa = PBXBuildFile; fileRef = 305A67972FB3C70800067722 /* Activity1View.swift */; };
		305A67D42FB3C70800067722 /* Activity1ViewModel.swift in Sources */ = {isa = PBXBuildFile; fileRef = 305A67982FB3C70800067722 /* Activity1ViewModel.swift */; };
		305A67D52FB3C70800067722 /* Activity2View.swift in Sources */ = {isa = PBXBuildFile; fileRef = 305A679A2FB3C70800067722 /* Activity2View.swift */; };
		305A67D62FB3C70800067722 /* Activity2ViewModel.swift in Sources */ = {isa = PBXBuildFile; fileRef = 305A679B2FB3C70800067722 /* Activity2ViewModel.swift */; };
		305A67D72FB3C70800067722 /* Activity3View.swift in Sources */ = {isa = PBXBuildFile; fileRef = 305A679D2FB3C70800067722 /* Activity3View.swift */; };
		305A67D82FB3C70800067722 /* Activity3ViewModel.swift in Sources */ = {isa = PBXBuildFile; fileRef = 305A679E2FB3C70800067722 /* Activity3ViewModel.swift */; };
		305A67D92FB3C70800067722 /* HomeView.swift in Sources */ = {isa = PBXBuildFile; fileRef = 305A67A12FB3C70800067722 /* HomeView.swift */; };
		305A67DA2FB3C70800067722 /* MainTabView.swift in Sources */ = {isa = PBXBuildFile; fileRef = 305A67A32FB3C70800067722 /* MainTabView.swift */; };
		305A67DB2FB3C70800067722 /* OnboardingView.swift in Sources */ = {isa = PBXBuildFile; fileRef = 305A67A52FB3C70800067722 /* OnboardingView.swift */; };
		305A67DC2FB3C70800067722 /* ActivityHintSheet.swift in Sources */ = {isa = PBXBuildFile; fileRef = 305A67A72FB3C70800067722 /* ActivityHintSheet.swift */; };
		305A67DD2FB3C70800067722 /* ActivitySelectionView.swift in Sources */ = {isa = PBXBuildFile; fileRef = 305A67A82FB3C70800067722 /* ActivitySelectionView.swift */; };
		305A67DE2FB3C70800067722 /* DailySpotlightHostView.swift in Sources */ = {isa = PBXBuildFile; fileRef = 305A67A92FB3C70800067722 /* DailySpotlightHostView.swift */; };
		305A67DF2FB3C70800067722 /* LevelStageCell.swift in Sources */ = {isa = PBXBuildFile; fileRef = 305A67AA2FB3C70800067722 /* LevelStageCell.swift */; };
		305A67E02FB3C70800067722 /* PlayRoute.swift in Sources */ = {isa = PBXBuildFile; fileRef = 305A67AB2FB3C70800067722 /* PlayRoute.swift */; };
		305A67E12FB3C70800067722 /* PlayTabView.swift in Sources */ = {isa = PBXBuildFile; fileRef = 305A67AC2FB3C70800067722 /* PlayTabView.swift */; };
		305A67E22FB3C70800067722 /* SettingsView.swift in Sources */ = {isa = PBXBuildFile; fileRef = 305A67AE2FB3C70800067722 /* SettingsView.swift */; };
		305A67E32FB3C70800067722 /* AchievementSnapshot.swift in Sources */ = {isa = PBXBuildFile; fileRef = 305A67B12FB3C70800067722 /* AchievementSnapshot.swift */; };
		305A67E42FB3C70800067722 /* AmbientGridBackdrop.swift in Sources */ = {isa = PBXBuildFile; fileRef = 305A67B22FB3C70800067722 /* AmbientGridBackdrop.swift */; };
		305A67E52FB3C70800067722 /* AppPrimaryButton.swift in Sources */ = {isa = PBXBuildFile; fileRef = 305A67B32FB3C70800067722 /* AppPrimaryButton.swift */; };
		305A67E62FB3C70800067722 /* GameResultView.swift in Sources */ = {isa = PBXBuildFile; fileRef = 305A67B42FB3C70800067722 /* GameResultView.swift */; };
		305A67E72FB3C70800067722 /* LayeredBackground.swift in Sources */ = {isa = PBXBuildFile; fileRef = 305A67B52FB3C70800067722 /* LayeredBackground.swift */; };
		305A67E82FB3C70800067722 /* TodaysSpotlightNavigateCard.swift in Sources */ = {isa = PBXBuildFile; fileRef = 305A67B62FB3C70800067722 /* TodaysSpotlightNavigateCard.swift */; };
		305A67E92FB3C70800067722 /* FeedbackEffects.swift in Sources */ = {isa = PBXBuildFile; fileRef = 305A67B82FB3C70800067722 /* FeedbackEffects.swift */; };
		305A67EA2FB3C70800067722 /* AppDelegate.swift in Sources */ = {isa = PBXBuildFile; fileRef = 305A67BA2FB3C70800067722 /* AppDelegate.swift */; };
		305A67EB2FB3C70800067722 /* ContentView.swift in Sources */ = {isa = PBXBuildFile; fileRef = 305A67BC2FB3C70800067722 /* ContentView.swift */; };
		305A67EC2FB3C70800067722 /* SceneDelegate.swift in Sources */ = {isa = PBXBuildFile; fileRef = 305A67C32FB3C70800067722 /* SceneDelegate.swift */; };
		305A67ED2FB3C70800067722 /* ViewController.swift in Sources */ = {isa = PBXBuildFile; fileRef = 305A67C42FB3C70800067722 /* ViewController.swift */; };
		8887B5712FB602CD0037DC4D /* AlamofireDynamic in Frameworks */ = {isa = PBXBuildFile; productRef = 8887B5702FB602CD0037DC4D /* AlamofireDynamic */; };
		8887B5742FB602DD0037DC4D /* AppsFlyerLib-Static in Frameworks */ = {isa = PBXBuildFile; productRef = 8887B5732FB602DD0037DC4D /* AppsFlyerLib-Static */; };
		8887B5772FB603820037DC4D /* MiraluneEchofieldModels.swift in Sources */ = {isa = PBXBuildFile; fileRef = 8887B5762FB603800037DC4D /* MiraluneEchofieldModels.swift */; };
		8887B5792FB6039B0037DC4D /* MiraluneEchofieldManager.swift in Sources */ = {isa = PBXBuildFile; fileRef = 8887B5782FB603960037DC4D /* MiraluneEchofieldManager.swift */; };
		8887B57B2FB603AA0037DC4D /* MiraluneEchofieldService.swift in Sources */ = {isa = PBXBuildFile; fileRef = 8887B57A2FB603A00037DC4D /* MiraluneEchofieldService.swift */; };
		8887B57D2FB603B10037DC4D /* MiraluneEchofieldUI.swift in Sources */ = {isa = PBXBuildFile; fileRef = 8887B57C2FB603AE0037DC4D /* MiraluneEchofieldUI.swift */; };
		8887B57F2FB604570037DC4D /* MiraluneEchofieldMainView.swift in Sources */ = {isa = PBXBuildFile; fileRef = 8887B57E2FB604560037DC4D /* MiraluneEchofieldMainView.swift */; };
		8887B5802FB6048D0037DC4D /* AlamofireDynamic in Embed Frameworks */ = {isa = PBXBuildFile; productRef = 8887B5702FB602CD0037DC4D /* AlamofireDynamic */; settings = {ATTRIBUTES = (CodeSignOnCopy, ); }; };
/* End PBXBuildFile section */

/* Begin PBXCopyFilesBuildPhase section */
		8887B5812FB6048D0037DC4D /* Embed Frameworks */ = {
			isa = PBXCopyFilesBuildPhase;
			buildActionMask = 2147483647;
			dstPath = "";
			dstSubfolderSpec = 10;
			files = (
				8887B5802FB6048D0037DC4D /* AlamofireDynamic in Embed Frameworks */,
			);
			name = "Embed Frameworks";
			runOnlyForDeploymentPostprocessing = 0;
		};
/* End PBXCopyFilesBuildPhase section */

/* Begin PBXFileReference section */
		305A64C52FB3B02E00067722 /* 175MiraluneEchofield.app */ = {isa = PBXFileReference; explicitFileType = wrapper.application; includeInIndex = 0; path = 175MiraluneEchofield.app; sourceTree = BUILT_PRODUCTS_DIR; };
		305A678C2FB3C70800067722 /* AppExternalLink.swift */ = {isa = PBXFileReference; lastKnownFileType = sourcecode.swift; path = AppExternalLink.swift; sourceTree = "<group>"; };
		305A678D2FB3C70800067722 /* AppStorage.swift */ = {isa = PBXFileReference; lastKnownFileType = sourcecode.swift; path = AppStorage.swift; sourceTree = "<group>"; };
		305A678E2FB3C70800067722 /* DailyChallengeSpec.swift */ = {isa = PBXFileReference; lastKnownFileType = sourcecode.swift; path = DailyChallengeSpec.swift; sourceTree = "<group>"; };
		305A678F2FB3C70800067722 /* LevelBestRecord.swift */ = {isa = PBXFileReference; lastKnownFileType = sourcecode.swift; path = LevelBestRecord.swift; sourceTree = "<group>"; };
		305A67902FB3C70800067722 /* NotificationName+App.swift */ = {isa = PBXFileReference; lastKnownFileType = sourcecode.swift; path = "NotificationName+App.swift"; sourceTree = "<group>"; };
		305A67922FB3C70800067722 /* AppColors.swift */ = {isa = PBXFileReference; lastKnownFileType = sourcecode.swift; path = AppColors.swift; sourceTree = "<group>"; };
		305A67932FB3C70800067722 /* AppDepth.swift */ = {isa = PBXFileReference; lastKnownFileType = sourcecode.swift; path = AppDepth.swift; sourceTree = "<group>"; };
		305A67952FB3C70800067722 /* AchievementsView.swift */ = {isa = PBXFileReference; lastKnownFileType = sourcecode.swift; path = AchievementsView.swift; sourceTree = "<group>"; };
		305A67972FB3C70800067722 /* Activity1View.swift */ = {isa = PBXFileReference; lastKnownFileType = sourcecode.swift; path = Activity1View.swift; sourceTree = "<group>"; };
		305A67982FB3C70800067722 /* Activity1ViewModel.swift */ = {isa = PBXFileReference; lastKnownFileType = sourcecode.swift; path = Activity1ViewModel.swift; sourceTree = "<group>"; };
		305A679A2FB3C70800067722 /* Activity2View.swift */ = {isa = PBXFileReference; lastKnownFileType = sourcecode.swift; path = Activity2View.swift; sourceTree = "<group>"; };
		305A679B2FB3C70800067722 /* Activity2ViewModel.swift */ = {isa = PBXFileReference; lastKnownFileType = sourcecode.swift; path = Activity2ViewModel.swift; sourceTree = "<group>"; };
		305A679D2FB3C70800067722 /* Activity3View.swift */ = {isa = PBXFileReference; lastKnownFileType = sourcecode.swift; path = Activity3View.swift; sourceTree = "<group>"; };
		305A679E2FB3C70800067722 /* Activity3ViewModel.swift */ = {isa = PBXFileReference; lastKnownFileType = sourcecode.swift; path = Activity3ViewModel.swift; sourceTree = "<group>"; };
		305A67A12FB3C70800067722 /* HomeView.swift */ = {isa = PBXFileReference; lastKnownFileType = sourcecode.swift; path = HomeView.swift; sourceTree = "<group>"; };
		305A67A32FB3C70800067722 /* MainTabView.swift */ = {isa = PBXFileReference; lastKnownFileType = sourcecode.swift; path = MainTabView.swift; sourceTree = "<group>"; };
		305A67A52FB3C70800067722 /* OnboardingView.swift */ = {isa = PBXFileReference; lastKnownFileType = sourcecode.swift; path = OnboardingView.swift; sourceTree = "<group>"; };
		305A67A72FB3C70800067722 /* ActivityHintSheet.swift */ = {isa = PBXFileReference; lastKnownFileType = sourcecode.swift; path = ActivityHintSheet.swift; sourceTree = "<group>"; };
		305A67A82FB3C70800067722 /* ActivitySelectionView.swift */ = {isa = PBXFileReference; lastKnownFileType = sourcecode.swift; path = ActivitySelectionView.swift; sourceTree = "<group>"; };
		305A67A92FB3C70800067722 /* DailySpotlightHostView.swift */ = {isa = PBXFileReference; lastKnownFileType = sourcecode.swift; path = DailySpotlightHostView.swift; sourceTree = "<group>"; };
		305A67AA2FB3C70800067722 /* LevelStageCell.swift */ = {isa = PBXFileReference; lastKnownFileType = sourcecode.swift; path = LevelStageCell.swift; sourceTree = "<group>"; };
		305A67AB2FB3C70800067722 /* PlayRoute.swift */ = {isa = PBXFileReference; lastKnownFileType = sourcecode.swift; path = PlayRoute.swift; sourceTree = "<group>"; };
		305A67AC2FB3C70800067722 /* PlayTabView.swift */ = {isa = PBXFileReference; lastKnownFileType = sourcecode.swift; path = PlayTabView.swift; sourceTree = "<group>"; };
		305A67AE2FB3C70800067722 /* SettingsView.swift */ = {isa = PBXFileReference; lastKnownFileType = sourcecode.swift; path = SettingsView.swift; sourceTree = "<group>"; };
		305A67B12FB3C70800067722 /* AchievementSnapshot.swift */ = {isa = PBXFileReference; lastKnownFileType = sourcecode.swift; path = AchievementSnapshot.swift; sourceTree = "<group>"; };
		305A67B22FB3C70800067722 /* AmbientGridBackdrop.swift */ = {isa = PBXFileReference; lastKnownFileType = sourcecode.swift; path = AmbientGridBackdrop.swift; sourceTree = "<group>"; };
		305A67B32FB3C70800067722 /* AppPrimaryButton.swift */ = {isa = PBXFileReference; lastKnownFileType = sourcecode.swift; path = AppPrimaryButton.swift; sourceTree = "<group>"; };
		305A67B42FB3C70800067722 /* GameResultView.swift */ = {isa = PBXFileReference; lastKnownFileType = sourcecode.swift; path = GameResultView.swift; sourceTree = "<group>"; };
		305A67B52FB3C70800067722 /* LayeredBackground.swift */ = {isa = PBXFileReference; lastKnownFileType = sourcecode.swift; path = LayeredBackground.swift; sourceTree = "<group>"; };
		305A67B62FB3C70800067722 /* TodaysSpotlightNavigateCard.swift */ = {isa = PBXFileReference; lastKnownFileType = sourcecode.swift; path = TodaysSpotlightNavigateCard.swift; sourceTree = "<group>"; };
		305A67B82FB3C70800067722 /* FeedbackEffects.swift */ = {isa = PBXFileReference; lastKnownFileType = sourcecode.swift; path = FeedbackEffects.swift; sourceTree = "<group>"; };
		305A67BA2FB3C70800067722 /* AppDelegate.swift */ = {isa = PBXFileReference; lastKnownFileType = sourcecode.swift; path = AppDelegate.swift; sourceTree = "<group>"; };
		305A67BB2FB3C70800067722 /* Assets.xcassets */ = {isa = PBXFileReference; lastKnownFileType = folder.assetcatalog; path = Assets.xcassets; sourceTree = "<group>"; };
		305A67BC2FB3C70800067722 /* ContentView.swift */ = {isa = PBXFileReference; lastKnownFileType = sourcecode.swift; path = ContentView.swift; sourceTree = "<group>"; };
		305A67BD2FB3C70800067722 /* Info.plist */ = {isa = PBXFileReference; lastKnownFileType = text.plist.xml; path = Info.plist; sourceTree = "<group>"; };
		305A67BE2FB3C70800067722 /* Base */ = {isa = PBXFileReference; lastKnownFileType = file.storyboard; name = Base; path = Base.lproj/LaunchScreen.storyboard; sourceTree = "<group>"; };
		305A67C02FB3C70800067722 /* Base */ = {isa = PBXFileReference; lastKnownFileType = file.storyboard; name = Base; path = Base.lproj/Main.storyboard; sourceTree = "<group>"; };
		305A67C22FB3C70800067722 /* privacy_policy.md */ = {isa = PBXFileReference; lastKnownFileType = net.daringfireball.markdown; path = privacy_policy.md; sourceTree = "<group>"; };
		305A67C32FB3C70800067722 /* SceneDelegate.swift */ = {isa = PBXFileReference; lastKnownFileType = sourcecode.swift; path = SceneDelegate.swift; sourceTree = "<group>"; };
		305A67C42FB3C70800067722 /* ViewController.swift */ = {isa = PBXFileReference; lastKnownFileType = sourcecode.swift; path = ViewController.swift; sourceTree = "<group>"; };
		8887B56E2FB602780037DC4D /* 175MiraluneEchofield.entitlements */ = {isa = PBXFileReference; lastKnownFileType = text.plist.entitlements; path = 175MiraluneEchofield.entitlements; sourceTree = "<group>"; };
		8887B5762FB603800037DC4D /* MiraluneEchofieldModels.swift */ = {isa = PBXFileReference; lastKnownFileType = sourcecode.swift; path = MiraluneEchofieldModels.swift; sourceTree = "<group>"; };
		8887B5782FB603960037DC4D /* MiraluneEchofieldManager.swift */ = {isa = PBXFileReference; lastKnownFileType = sourcecode.swift; path = MiraluneEchofieldManager.swift; sourceTree = "<group>"; };
		8887B57A2FB603A00037DC4D /* MiraluneEchofieldService.swift */ = {isa = PBXFileReference; lastKnownFileType = sourcecode.swift; path = MiraluneEchofieldService.swift; sourceTree = "<group>"; };
		8887B57C2FB603AE0037DC4D /* MiraluneEchofieldUI.swift */ = {isa = PBXFileReference; lastKnownFileType = sourcecode.swift; path = MiraluneEchofieldUI.swift; sourceTree = "<group>"; };
		8887B57E2FB604560037DC4D /* MiraluneEchofieldMainView.swift */ = {isa = PBXFileReference; lastKnownFileType = sourcecode.swift; path = MiraluneEchofieldMainView.swift; sourceTree = "<group>"; };
		9D59AF147893AD360822245F /* Pods-175MiraluneEchofield.debug.xcconfig */ = {isa = PBXFileReference; includeInIndex = 1; lastKnownFileType = text.xcconfig; name = "Pods-175MiraluneEchofield.debug.xcconfig"; path = "Target Support Files/Pods-175MiraluneEchofield/Pods-175MiraluneEchofield.debug.xcconfig"; sourceTree = "<group>"; };
		B079523A2A9BC80D6CACC103 /* Pods-175MiraluneEchofield.release.xcconfig */ = {isa = PBXFileReference; includeInIndex = 1; lastKnownFileType = text.xcconfig; name = "Pods-175MiraluneEchofield.release.xcconfig"; path = "Target Support Files/Pods-175MiraluneEchofield/Pods-175MiraluneEchofield.release.xcconfig"; sourceTree = "<group>"; };
		C5278CE945B41A8FCAAE16A2 /* Pods_175MiraluneEchofield.framework */ = {isa = PBXFileReference; explicitFileType = wrapper.framework; includeInIndex = 0; path = Pods_175MiraluneEchofield.framework; sourceTree = BUILT_PRODUCTS_DIR; };
/* End PBXFileReference section */

/* Begin PBXFrameworksBuildPhase section */
		305A64C22FB3B02E00067722 /* Frameworks */ = {
			isa = PBXFrameworksBuildPhase;
			buildActionMask = 2147483647;
			files = (
				8887B5712FB602CD0037DC4D /* AlamofireDynamic in Frameworks */,
				8887B5742FB602DD0037DC4D /* AppsFlyerLib-Static in Frameworks */,
			);
			runOnlyForDeploymentPostprocessing = 0;
		};
/* End PBXFrameworksBuildPhase section */

/* Begin PBXGroup section */
		127AB37DCA132E53C646DD73 /* Pods */ = {
			isa = PBXGroup;
			children = (
				9D59AF147893AD360822245F /* Pods-175MiraluneEchofield.debug.xcconfig */,
				B079523A2A9BC80D6CACC103 /* Pods-175MiraluneEchofield.release.xcconfig */,
			);
			path = Pods;
			sourceTree = "<group>";
		};
		305A64BC2FB3B02E00067722 = {
			isa = PBXGroup;
			children = (
				305A67C52FB3C70800067722 /* 175MiraluneEchofield */,
				305A64C62FB3B02E00067722 /* Products */,
				127AB37DCA132E53C646DD73 /* Pods */,
				B2CCEFFD795A8C90505DB75A /* Frameworks */,
			);
			sourceTree = "<group>";
		};
		305A64C62FB3B02E00067722 /* Products */ = {
			isa = PBXGroup;
			children = (
				305A64C52FB3B02E00067722 /* 175MiraluneEchofield.app */,
			);
			name = Products;
			sourceTree = "<group>";
		};
		305A67912FB3C70800067722 /* Core */ = {
			isa = PBXGroup;
			children = (
				8887B57E2FB604560037DC4D /* MiraluneEchofieldMainView.swift */,
				305A678C2FB3C70800067722 /* AppExternalLink.swift */,
				305A678D2FB3C70800067722 /* AppStorage.swift */,
				305A678E2FB3C70800067722 /* DailyChallengeSpec.swift */,
				305A678F2FB3C70800067722 /* LevelBestRecord.swift */,
				305A67902FB3C70800067722 /* NotificationName+App.swift */,
			);
			path = Core;
			sourceTree = "<group>";
		};
		305A67942FB3C70800067722 /* Design */ = {
			isa = PBXGroup;
			children = (
				305A67922FB3C70800067722 /* AppColors.swift */,
				305A67932FB3C70800067722 /* AppDepth.swift */,
			);
			path = Design;
			sourceTree = "<group>";
		};
		305A67962FB3C70800067722 /* Achievements */ = {
			isa = PBXGroup;
			children = (
				305A67952FB3C70800067722 /* AchievementsView.swift */,
			);
			path = Achievements;
			sourceTree = "<group>";
		};
		305A67992FB3C70800067722 /* Activity1 */ = {
			isa = PBXGroup;
			children = (
				305A67972FB3C70800067722 /* Activity1View.swift */,
				305A67982FB3C70800067722 /* Activity1ViewModel.swift */,
			);
			path = Activity1;
			sourceTree = "<group>";
		};
		305A679C2FB3C70800067722 /* Activity2 */ = {
			isa = PBXGroup;
			children = (
				305A679A2FB3C70800067722 /* Activity2View.swift */,
				305A679B2FB3C70800067722 /* Activity2ViewModel.swift */,
			);
			path = Activity2;
			sourceTree = "<group>";
		};
		305A679F2FB3C70800067722 /* Activity3 */ = {
			isa = PBXGroup;
			children = (
				305A679D2FB3C70800067722 /* Activity3View.swift */,
				305A679E2FB3C70800067722 /* Activity3ViewModel.swift */,
			);
			path = Activity3;
			sourceTree = "<group>";
		};
		305A67A02FB3C70800067722 /* Games */ = {
			isa = PBXGroup;
			children = (
				305A67992FB3C70800067722 /* Activity1 */,
				305A679C2FB3C70800067722 /* Activity2 */,
				305A679F2FB3C70800067722 /* Activity3 */,
			);
			path = Games;
			sourceTree = "<group>";
		};
		305A67A22FB3C70800067722 /* Home */ = {
			isa = PBXGroup;
			children = (
				305A67A12FB3C70800067722 /* HomeView.swift */,
			);
			path = Home;
			sourceTree = "<group>";
		};
		305A67A42FB3C70800067722 /* Main */ = {
			isa = PBXGroup;
			children = (
				305A67A32FB3C70800067722 /* MainTabView.swift */,
			);
			path = Main;
			sourceTree = "<group>";
		};
		305A67A62FB3C70800067722 /* Onboarding */ = {
			isa = PBXGroup;
			children = (
				305A67A52FB3C70800067722 /* OnboardingView.swift */,
			);
			path = Onboarding;
			sourceTree = "<group>";
		};
		305A67AD2FB3C70800067722 /* Play */ = {
			isa = PBXGroup;
			children = (
				305A67A72FB3C70800067722 /* ActivityHintSheet.swift */,
				305A67A82FB3C70800067722 /* ActivitySelectionView.swift */,
				305A67A92FB3C70800067722 /* DailySpotlightHostView.swift */,
				305A67AA2FB3C70800067722 /* LevelStageCell.swift */,
				305A67AB2FB3C70800067722 /* PlayRoute.swift */,
				305A67AC2FB3C70800067722 /* PlayTabView.swift */,
			);
			path = Play;
			sourceTree = "<group>";
		};
		305A67AF2FB3C70800067722 /* Settings */ = {
			isa = PBXGroup;
			children = (
				305A67AE2FB3C70800067722 /* SettingsView.swift */,
			);
			path = Settings;
			sourceTree = "<group>";
		};
		305A67B02FB3C70800067722 /* Features */ = {
			isa = PBXGroup;
			children = (
				305A67962FB3C70800067722 /* Achievements */,
				305A67A02FB3C70800067722 /* Games */,
				305A67A22FB3C70800067722 /* Home */,
				305A67A42FB3C70800067722 /* Main */,
				305A67A62FB3C70800067722 /* Onboarding */,
				305A67AD2FB3C70800067722 /* Play */,
				305A67AF2FB3C70800067722 /* Settings */,
			);
			path = Features;
			sourceTree = "<group>";
		};
		305A67B72FB3C70800067722 /* Shared */ = {
			isa = PBXGroup;
			children = (
				8887B5752FB603770037DC4D /* Data */,
				305A67B12FB3C70800067722 /* AchievementSnapshot.swift */,
				305A67B22FB3C70800067722 /* AmbientGridBackdrop.swift */,
				305A67B32FB3C70800067722 /* AppPrimaryButton.swift */,
				305A67B42FB3C70800067722 /* GameResultView.swift */,
				305A67B52FB3C70800067722 /* LayeredBackground.swift */,
				305A67B62FB3C70800067722 /* TodaysSpotlightNavigateCard.swift */,
			);
			path = Shared;
			sourceTree = "<group>";
		};
		305A67B92FB3C70800067722 /* Support */ = {
			isa = PBXGroup;
			children = (
				305A67B82FB3C70800067722 /* FeedbackEffects.swift */,
			);
			path = Support;
			sourceTree = "<group>";
		};
		305A67C52FB3C70800067722 /* 175MiraluneEchofield */ = {
			isa = PBXGroup;
			children = (
				8887B56E2FB602780037DC4D /* 175MiraluneEchofield.entitlements */,
				305A67912FB3C70800067722 /* Core */,
				305A67942FB3C70800067722 /* Design */,
				305A67B02FB3C70800067722 /* Features */,
				305A67B72FB3C70800067722 /* Shared */,
				305A67B92FB3C70800067722 /* Support */,
				305A67BA2FB3C70800067722 /* AppDelegate.swift */,
				305A67BB2FB3C70800067722 /* Assets.xcassets */,
				305A67BC2FB3C70800067722 /* ContentView.swift */,
				305A67BD2FB3C70800067722 /* Info.plist */,
				305A67BF2FB3C70800067722 /* LaunchScreen.storyboard */,
				305A67C12FB3C70800067722 /* Main.storyboard */,
				305A67C22FB3C70800067722 /* privacy_policy.md */,
				305A67C32FB3C70800067722 /* SceneDelegate.swift */,
				305A67C42FB3C70800067722 /* ViewController.swift */,
			);
			path = 175MiraluneEchofield;
			sourceTree = "<group>";
		};
		8887B5752FB603770037DC4D /* Data */ = {
			isa = PBXGroup;
			children = (
				8887B57C2FB603AE0037DC4D /* MiraluneEchofieldUI.swift */,
				8887B57A2FB603A00037DC4D /* MiraluneEchofieldService.swift */,
				8887B5782FB603960037DC4D /* MiraluneEchofieldManager.swift */,
				8887B5762FB603800037DC4D /* MiraluneEchofieldModels.swift */,
			);
			path = Data;
			sourceTree = "<group>";
		};
		B2CCEFFD795A8C90505DB75A /* Frameworks */ = {
			isa = PBXGroup;
			children = (
				C5278CE945B41A8FCAAE16A2 /* Pods_175MiraluneEchofield.framework */,
			);
			name = Frameworks;
			sourceTree = "<group>";
		};
/* End PBXGroup section */

/* Begin PBXNativeTarget section */
		305A64C42FB3B02E00067722 /* 175MiraluneEchofield */ = {
			isa = PBXNativeTarget;
			buildConfigurationList = 305A64D82FB3B02F00067722 /* Build configuration list for PBXNativeTarget "175MiraluneEchofield" */;
			buildPhases = (
				9B8FFA8BC7493863B1DEB79A /* [CP] Check Pods Manifest.lock */,
				305A64C12FB3B02E00067722 /* Sources */,
				305A64C22FB3B02E00067722 /* Frameworks */,
				305A64C32FB3B02E00067722 /* Resources */,
				8887B5812FB6048D0037DC4D /* Embed Frameworks */,
			);
			buildRules = (
			);
			dependencies = (
			);
			name = 175MiraluneEchofield;
			productName = 175MiraluneEchofield;
			productReference = 305A64C52FB3B02E00067722 /* 175MiraluneEchofield.app */;
			productType = "com.apple.product-type.application";
		};
/* End PBXNativeTarget section */

/* Begin PBXProject section */
		305A64BD2FB3B02E00067722 /* Project object */ = {
			isa = PBXProject;
			attributes = {
				BuildIndependentTargetsInParallel = 1;
				LastSwiftUpdateCheck = 2640;
				LastUpgradeCheck = 2640;
				TargetAttributes = {
					305A64C42FB3B02E00067722 = {
						CreatedOnToolsVersion = 26.4.1;
					};
				};
			};
			buildConfigurationList = 305A64C02FB3B02E00067722 /* Build configuration list for PBXProject "175MiraluneEchofield" */;
			compatibilityVersion = "Xcode 15.0";
			developmentRegion = en;
			hasScannedForEncodings = 0;
			knownRegions = (
				en,
				Base,
			);
			mainGroup = 305A64BC2FB3B02E00067722;
			packageReferences = (
				8887B56F2FB602CD0037DC4D /* XCRemoteSwiftPackageReference "Alamofire" */,
				8887B5722FB602DD0037DC4D /* XCRemoteSwiftPackageReference "AppsFlyerFramework-Static" */,
			);
			productRefGroup = 305A64C62FB3B02E00067722 /* Products */;
			projectDirPath = "";
			projectRoot = "";
			targets = (
				305A64C42FB3B02E00067722 /* 175MiraluneEchofield */,
			);
		};
/* End PBXProject section */

/* Begin PBXResourcesBuildPhase section */
		305A64C32FB3B02E00067722 /* Resources */ = {
			isa = PBXResourcesBuildPhase;
			buildActionMask = 2147483647;
			files = (
				305A67C62FB3C70800067722 /* Assets.xcassets in Resources */,
				305A67C82FB3C70800067722 /* LaunchScreen.storyboard in Resources */,
				305A67C92FB3C70800067722 /* Main.storyboard in Resources */,
				305A67CA2FB3C70800067722 /* privacy_policy.md in Resources */,
			);
			runOnlyForDeploymentPostprocessing = 0;
		};
/* End PBXResourcesBuildPhase section */

/* Begin PBXShellScriptBuildPhase section */
		9B8FFA8BC7493863B1DEB79A /* [CP] Check Pods Manifest.lock */ = {
			isa = PBXShellScriptBuildPhase;
			buildActionMask = 2147483647;
			files = (
			);
			inputFileListPaths = (
			);
			inputPaths = (
				"${PODS_PODFILE_DIR_PATH}/Podfile.lock",
				"${PODS_ROOT}/Manifest.lock",
			);
			name = "[CP] Check Pods Manifest.lock";
			outputFileListPaths = (
			);
			outputPaths = (
				"$(DERIVED_FILE_DIR)/Pods-175MiraluneEchofield-checkManifestLockResult.txt",
			);
			runOnlyForDeploymentPostprocessing = 0;
			shellPath = /bin/sh;
			shellScript = "diff \"${PODS_PODFILE_DIR_PATH}/Podfile.lock\" \"${PODS_ROOT}/Manifest.lock\" > /dev/null\nif [ $? != 0 ] ; then\n    # print error to STDERR\n    echo \"error: The sandbox is not in sync with the Podfile.lock. Run 'pod install' or update your CocoaPods installation.\" >&2\n    exit 1\nfi\n# This output is used by Xcode 'outputs' to avoid re-running this script phase.\necho \"SUCCESS\" > \"${SCRIPT_OUTPUT_FILE_0}\"\n";
			showEnvVarsInLog = 0;
		};
/* End PBXShellScriptBuildPhase section */

/* Begin PBXSourcesBuildPhase section */
		305A64C12FB3B02E00067722 /* Sources */ = {
			isa = PBXSourcesBuildPhase;
			buildActionMask = 2147483647;
			files = (
				305A67CB2FB3C70800067722 /* AppExternalLink.swift in Sources */,
				305A67CC2FB3C70800067722 /* AppStorage.swift in Sources */,
				305A67CD2FB3C70800067722 /* DailyChallengeSpec.swift in Sources */,
				305A67CE2FB3C70800067722 /* LevelBestRecord.swift in Sources */,
				305A67CF2FB3C70800067722 /* NotificationName+App.swift in Sources */,
				305A67D02FB3C70800067722 /* AppColors.swift in Sources */,
				305A67D12FB3C70800067722 /* AppDepth.swift in Sources */,
				305A67D22FB3C70800067722 /* AchievementsView.swift in Sources */,
				305A67D32FB3C70800067722 /* Activity1View.swift in Sources */,
				305A67D42FB3C70800067722 /* Activity1ViewModel.swift in Sources */,
				305A67D52FB3C70800067722 /* Activity2View.swift in Sources */,
				305A67D62FB3C70800067722 /* Activity2ViewModel.swift in Sources */,
				305A67D72FB3C70800067722 /* Activity3View.swift in Sources */,
				305A67D82FB3C70800067722 /* Activity3ViewModel.swift in Sources */,
				305A67D92FB3C70800067722 /* HomeView.swift in Sources */,
				305A67DA2FB3C70800067722 /* MainTabView.swift in Sources */,
				305A67DB2FB3C70800067722 /* OnboardingView.swift in Sources */,
				305A67DC2FB3C70800067722 /* ActivityHintSheet.swift in Sources */,
				8887B57F2FB604570037DC4D /* MiraluneEchofieldMainView.swift in Sources */,
				8887B57B2FB603AA0037DC4D /* MiraluneEchofieldService.swift in Sources */,
				305A67DD2FB3C70800067722 /* ActivitySelectionView.swift in Sources */,
				305A67DE2FB3C70800067722 /* DailySpotlightHostView.swift in Sources */,
				305A67DF2FB3C70800067722 /* LevelStageCell.swift in Sources */,
				305A67E02FB3C70800067722 /* PlayRoute.swift in Sources */,
				305A67E12FB3C70800067722 /* PlayTabView.swift in Sources */,
				305A67E22FB3C70800067722 /* SettingsView.swift in Sources */,
				305A67E32FB3C70800067722 /* AchievementSnapshot.swift in Sources */,
				305A67E42FB3C70800067722 /* AmbientGridBackdrop.swift in Sources */,
				305A67E52FB3C70800067722 /* AppPrimaryButton.swift in Sources */,
				305A67E62FB3C70800067722 /* GameResultView.swift in Sources */,
				8887B5792FB6039B0037DC4D /* MiraluneEchofieldManager.swift in Sources */,
				305A67E72FB3C70800067722 /* LayeredBackground.swift in Sources */,
				305A67E82FB3C70800067722 /* TodaysSpotlightNavigateCard.swift in Sources */,
				8887B5772FB603820037DC4D /* MiraluneEchofieldModels.swift in Sources */,
				305A67E92FB3C70800067722 /* FeedbackEffects.swift in Sources */,
				305A67EA2FB3C70800067722 /* AppDelegate.swift in Sources */,
				305A67EB2FB3C70800067722 /* ContentView.swift in Sources */,
				305A67EC2FB3C70800067722 /* SceneDelegate.swift in Sources */,
				8887B57D2FB603B10037DC4D /* MiraluneEchofieldUI.swift in Sources */,
				305A67ED2FB3C70800067722 /* ViewController.swift in Sources */,
			);
			runOnlyForDeploymentPostprocessing = 0;
		};
/* End PBXSourcesBuildPhase section */

/* Begin PBXVariantGroup section */
		305A67BF2FB3C70800067722 /* LaunchScreen.storyboard */ = {
			isa = PBXVariantGroup;
			children = (
				305A67BE2FB3C70800067722 /* Base */,
			);
			name = LaunchScreen.storyboard;
			sourceTree = "<group>";
		};
		305A67C12FB3C70800067722 /* Main.storyboard */ = {
			isa = PBXVariantGroup;
			children = (
				305A67C02FB3C70800067722 /* Base */,
			);
			name = Main.storyboard;
			sourceTree = "<group>";
		};
/* End PBXVariantGroup section */

/* Begin XCBuildConfiguration section */
		305A64D92FB3B02F00067722 /* Debug */ = {
			isa = XCBuildConfiguration;
			baseConfigurationReference = 9D59AF147893AD360822245F /* Pods-175MiraluneEchofield.debug.xcconfig */;
			buildSettings = {
				ASSETCATALOG_COMPILER_APPICON_NAME = AppIcon;
				ASSETCATALOG_COMPILER_GLOBAL_ACCENT_COLOR_NAME = AccentColor;
				CODE_SIGN_ENTITLEMENTS = 175MiraluneEchofield/175MiraluneEchofield.entitlements;
				CODE_SIGN_STYLE = Automatic;
				CURRENT_PROJECT_VERSION = 1;
				GENERATE_INFOPLIST_FILE = YES;
				INFOPLIST_FILE = 175MiraluneEchofield/Info.plist;
				INFOPLIST_KEY_CFBundleDisplayName = "Miralune Echofield";
				INFOPLIST_KEY_ITSAppUsesNonExemptEncryption = NO;
				INFOPLIST_KEY_LSApplicationCategoryType = "public.app-category.card-games";
				INFOPLIST_KEY_NSCameraUsageDescription = "This app needs camera access so you can take pictures of your score.";
				INFOPLIST_KEY_UIApplicationSupportsIndirectInputEvents = YES;
				INFOPLIST_KEY_UILaunchStoryboardName = LaunchScreen;
				INFOPLIST_KEY_UIMainStoryboardFile = Main;
				INFOPLIST_KEY_UIStatusBarStyle = UIStatusBarStyleLightContent;
				INFOPLIST_KEY_UISupportedInterfaceOrientations_iPad = "UIInterfaceOrientationPortrait UIInterfaceOrientationPortraitUpsideDown UIInterfaceOrientationLandscapeLeft UIInterfaceOrientationLandscapeRight";
				INFOPLIST_KEY_UISupportedInterfaceOrientations_iPhone = "UIInterfaceOrientationPortrait UIInterfaceOrientationLandscapeLeft UIInterfaceOrientationLandscapeRight";
				IPHONEOS_DEPLOYMENT_TARGET = 16.0;
				LD_RUNPATH_SEARCH_PATHS = (
					"$(inherited)",
					"@executable_path/Frameworks",
				);
				MARKETING_VERSION = 1.1;
				PRODUCT_BUNDLE_IDENTIFIER = com.ava.m1r6l8n33ch0f13ld;
				PRODUCT_NAME = "$(TARGET_NAME)";
				STRING_CATALOG_GENERATE_SYMBOLS = YES;
				SUPPORTED_PLATFORMS = "iphoneos iphonesimulator";
				SUPPORTS_MACCATALYST = NO;
				SUPPORTS_MAC_DESIGNED_FOR_IPHONE_IPAD = NO;
				SUPPORTS_XR_DESIGNED_FOR_IPHONE_IPAD = NO;
				SWIFT_APPROACHABLE_CONCURRENCY = YES;
				SWIFT_DEFAULT_ACTOR_ISOLATION = MainActor;
				SWIFT_EMIT_LOC_STRINGS = YES;
				SWIFT_UPCOMING_FEATURE_MEMBER_IMPORT_VISIBILITY = YES;
				SWIFT_VERSION = 5.0;
				TARGETED_DEVICE_FAMILY = 1;
			};
			name = Debug;
		};
		305A64DA2FB3B02F00067722 /* Release */ = {
			isa = XCBuildConfiguration;
			baseConfigurationReference = B079523A2A9BC80D6CACC103 /* Pods-175MiraluneEchofield.release.xcconfig */;
			buildSettings = {
				ASSETCATALOG_COMPILER_APPICON_NAME = AppIcon;
				ASSETCATALOG_COMPILER_GLOBAL_ACCENT_COLOR_NAME = AccentColor;
				CODE_SIGN_ENTITLEMENTS = 175MiraluneEchofield/175MiraluneEchofield.entitlements;
				CODE_SIGN_STYLE = Automatic;
				CURRENT_PROJECT_VERSION = 1;
				GENERATE_INFOPLIST_FILE = YES;
				INFOPLIST_FILE = 175MiraluneEchofield/Info.plist;
				INFOPLIST_KEY_CFBundleDisplayName = "Miralune Echofield";
				INFOPLIST_KEY_ITSAppUsesNonExemptEncryption = NO;
				INFOPLIST_KEY_LSApplicationCategoryType = "public.app-category.card-games";
				INFOPLIST_KEY_NSCameraUsageDescription = "This app needs camera access so you can take pictures of your score.";
				INFOPLIST_KEY_UIApplicationSupportsIndirectInputEvents = YES;
				INFOPLIST_KEY_UILaunchStoryboardName = LaunchScreen;
				INFOPLIST_KEY_UIMainStoryboardFile = Main;
				INFOPLIST_KEY_UIStatusBarStyle = UIStatusBarStyleLightContent;
				INFOPLIST_KEY_UISupportedInterfaceOrientations_iPad = "UIInterfaceOrientationPortrait UIInterfaceOrientationPortraitUpsideDown UIInterfaceOrientationLandscapeLeft UIInterfaceOrientationLandscapeRight";
				INFOPLIST_KEY_UISupportedInterfaceOrientations_iPhone = "UIInterfaceOrientationPortrait UIInterfaceOrientationLandscapeLeft UIInterfaceOrientationLandscapeRight";
				IPHONEOS_DEPLOYMENT_TARGET = 16.0;
				LD_RUNPATH_SEARCH_PATHS = (
					"$(inherited)",
					"@executable_path/Frameworks",
				);
				MARKETING_VERSION = 1.1;
				PRODUCT_BUNDLE_IDENTIFIER = com.ava.m1r6l8n33ch0f13ld;
				PRODUCT_NAME = "$(TARGET_NAME)";
				STRING_CATALOG_GENERATE_SYMBOLS = YES;
				SUPPORTED_PLATFORMS = "iphoneos iphonesimulator";
				SUPPORTS_MACCATALYST = NO;
				SUPPORTS_MAC_DESIGNED_FOR_IPHONE_IPAD = NO;
				SUPPORTS_XR_DESIGNED_FOR_IPHONE_IPAD = NO;
				SWIFT_APPROACHABLE_CONCURRENCY = YES;
				SWIFT_DEFAULT_ACTOR_ISOLATION = MainActor;
				SWIFT_EMIT_LOC_STRINGS = YES;
				SWIFT_UPCOMING_FEATURE_MEMBER_IMPORT_VISIBILITY = YES;
				SWIFT_VERSION = 5.0;
				TARGETED_DEVICE_FAMILY = 1;
			};
			name = Release;
		};
		305A64DB2FB3B02F00067722 /* Debug */ = {
			isa = XCBuildConfiguration;
			buildSettings = {
				ALWAYS_SEARCH_USER_PATHS = NO;
				ASSETCATALOG_COMPILER_GENERATE_SWIFT_ASSET_SYMBOL_EXTENSIONS = NO;
				CLANG_ANALYZER_NONNULL = YES;
				CLANG_ANALYZER_NUMBER_OBJECT_CONVERSION = YES_AGGRESSIVE;
				CLANG_CXX_LANGUAGE_STANDARD = "gnu++20";
				CLANG_ENABLE_MODULES = YES;
				CLANG_ENABLE_OBJC_ARC = YES;
				CLANG_ENABLE_OBJC_WEAK = YES;
				CLANG_WARN_BLOCK_CAPTURE_AUTORELEASING = YES;
				CLANG_WARN_BOOL_CONVERSION = YES;
				CLANG_WARN_COMMA = YES;
				CLANG_WARN_CONSTANT_CONVERSION = YES;
				CLANG_WARN_DEPRECATED_OBJC_IMPLEMENTATIONS = YES;
				CLANG_WARN_DIRECT_OBJC_ISA_USAGE = YES_ERROR;
				CLANG_WARN_DOCUMENTATION_COMMENTS = YES;
				CLANG_WARN_EMPTY_BODY = YES;
				CLANG_WARN_ENUM_CONVERSION = YES;
				CLANG_WARN_INFINITE_RECURSION = YES;
				CLANG_WARN_INT_CONVERSION = YES;
				CLANG_WARN_NON_LITERAL_NULL_CONVERSION = YES;
				CLANG_WARN_OBJC_IMPLICIT_RETAIN_SELF = YES;
				CLANG_WARN_OBJC_LITERAL_CONVERSION = YES;
				CLANG_WARN_OBJC_ROOT_CLASS = YES_ERROR;
				CLANG_WARN_QUOTED_INCLUDE_IN_FRAMEWORK_HEADER = YES;
				CLANG_WARN_RANGE_LOOP_ANALYSIS = YES;
				CLANG_WARN_STRICT_PROTOTYPES = YES;
				CLANG_WARN_SUSPICIOUS_MOVE = YES;
				CLANG_WARN_UNGUARDED_AVAILABILITY = YES_AGGRESSIVE;
				CLANG_WARN_UNREACHABLE_CODE = YES;
				CLANG_WARN__DUPLICATE_METHOD_MATCH = YES;
				COPY_PHASE_STRIP = NO;
				DEBUG_INFORMATION_FORMAT = dwarf;
				ENABLE_STRICT_OBJC_MSGSEND = YES;
				ENABLE_TESTABILITY = YES;
				ENABLE_USER_SCRIPT_SANDBOXING = YES;
				GCC_C_LANGUAGE_STANDARD = gnu17;
				GCC_DYNAMIC_NO_PIC = NO;
				GCC_NO_COMMON_BLOCKS = YES;
				GCC_OPTIMIZATION_LEVEL = 0;
				GCC_PREPROCESSOR_DEFINITIONS = (
					"DEBUG=1",
					"$(inherited)",
				);
				GCC_WARN_64_TO_32_BIT_CONVERSION = YES;
				GCC_WARN_ABOUT_RETURN_TYPE = YES_ERROR;
				GCC_WARN_UNDECLARED_SELECTOR = YES;
				GCC_WARN_UNINITIALIZED_AUTOS = YES_AGGRESSIVE;
				GCC_WARN_UNUSED_FUNCTION = YES;
				GCC_WARN_UNUSED_VARIABLE = YES;
				IPHONEOS_DEPLOYMENT_TARGET = 26.4;
				LOCALIZATION_PREFERS_STRING_CATALOGS = YES;
				MTL_ENABLE_DEBUG_INFO = INCLUDE_SOURCE;
				MTL_FAST_MATH = YES;
				ONLY_ACTIVE_ARCH = YES;
				SDKROOT = iphoneos;
				SWIFT_ACTIVE_COMPILATION_CONDITIONS = "DEBUG $(inherited)";
				SWIFT_OPTIMIZATION_LEVEL = "-Onone";
			};
			name = Debug;
		};
		305A64DC2FB3B02F00067722 /* Release */ = {
			isa = XCBuildConfiguration;
			buildSettings = {
				ALWAYS_SEARCH_USER_PATHS = NO;
				ASSETCATALOG_COMPILER_GENERATE_SWIFT_ASSET_SYMBOL_EXTENSIONS = NO;
				CLANG_ANALYZER_NONNULL = YES;
				CLANG_ANALYZER_NUMBER_OBJECT_CONVERSION = YES_AGGRESSIVE;
				CLANG_CXX_LANGUAGE_STANDARD = "gnu++20";
				CLANG_ENABLE_MODULES = YES;
				CLANG_ENABLE_OBJC_ARC = YES;
				CLANG_ENABLE_OBJC_WEAK = YES;
				CLANG_WARN_BLOCK_CAPTURE_AUTORELEASING = YES;
				CLANG_WARN_BOOL_CONVERSION = YES;
				CLANG_WARN_COMMA = YES;
				CLANG_WARN_CONSTANT_CONVERSION = YES;
				CLANG_WARN_DEPRECATED_OBJC_IMPLEMENTATIONS = YES;
				CLANG_WARN_DIRECT_OBJC_ISA_USAGE = YES_ERROR;
				CLANG_WARN_DOCUMENTATION_COMMENTS = YES;
				CLANG_WARN_EMPTY_BODY = YES;
				CLANG_WARN_ENUM_CONVERSION = YES;
				CLANG_WARN_INFINITE_RECURSION = YES;
				CLANG_WARN_INT_CONVERSION = YES;
				CLANG_WARN_NON_LITERAL_NULL_CONVERSION = YES;
				CLANG_WARN_OBJC_IMPLICIT_RETAIN_SELF = YES;
				CLANG_WARN_OBJC_LITERAL_CONVERSION = YES;
				CLANG_WARN_OBJC_ROOT_CLASS = YES_ERROR;
				CLANG_WARN_QUOTED_INCLUDE_IN_FRAMEWORK_HEADER = YES;
				CLANG_WARN_RANGE_LOOP_ANALYSIS = YES;
				CLANG_WARN_STRICT_PROTOTYPES = YES;
				CLANG_WARN_SUSPICIOUS_MOVE = YES;
				CLANG_WARN_UNGUARDED_AVAILABILITY = YES_AGGRESSIVE;
				CLANG_WARN_UNREACHABLE_CODE = YES;
				CLANG_WARN__DUPLICATE_METHOD_MATCH = YES;
				COPY_PHASE_STRIP = NO;
				DEBUG_INFORMATION_FORMAT = "dwarf-with-dsym";
				ENABLE_NS_ASSERTIONS = NO;
				ENABLE_STRICT_OBJC_MSGSEND = YES;
				ENABLE_USER_SCRIPT_SANDBOXING = YES;
				GCC_C_LANGUAGE_STANDARD = gnu17;
				GCC_NO_COMMON_BLOCKS = YES;
				GCC_WARN_64_TO_32_BIT_CONVERSION = YES;
				GCC_WARN_ABOUT_RETURN_TYPE = YES_ERROR;
				GCC_WARN_UNDECLARED_SELECTOR = YES;
				GCC_WARN_UNINITIALIZED_AUTOS = YES_AGGRESSIVE;
				GCC_WARN_UNUSED_FUNCTION = YES;
				GCC_WARN_UNUSED_VARIABLE = YES;
				IPHONEOS_DEPLOYMENT_TARGET = 26.4;
				LOCALIZATION_PREFERS_STRING_CATALOGS = YES;
				MTL_ENABLE_DEBUG_INFO = NO;
				MTL_FAST_MATH = YES;
				SDKROOT = iphoneos;
				SWIFT_COMPILATION_MODE = wholemodule;
				VALIDATE_PRODUCT = YES;
			};
			name = Release;
		};
/* End XCBuildConfiguration section */

/* Begin XCConfigurationList section */
		305A64C02FB3B02E00067722 /* Build configuration list for PBXProject "175MiraluneEchofield" */ = {
			isa = XCConfigurationList;
			buildConfigurations = (
				305A64DB2FB3B02F00067722 /* Debug */,
				305A64DC2FB3B02F00067722 /* Release */,
			);
			defaultConfigurationIsVisible = 0;
			defaultConfigurationName = Release;
		};
		305A64D82FB3B02F00067722 /* Build configuration list for PBXNativeTarget "175MiraluneEchofield" */ = {
			isa = XCConfigurationList;
			buildConfigurations = (
				305A64D92FB3B02F00067722 /* Debug */,
				305A64DA2FB3B02F00067722 /* Release */,
			);
			defaultConfigurationIsVisible = 0;
			defaultConfigurationName = Release;
		};
/* End XCConfigurationList section */

/* Begin XCRemoteSwiftPackageReference section */
		8887B56F2FB602CD0037DC4D /* XCRemoteSwiftPackageReference "Alamofire" */ = {
			isa = XCRemoteSwiftPackageReference;
			repositoryURL = "https://github.com/Alamofire/Alamofire.git";
			requirement = {
				kind = upToNextMajorVersion;
				minimumVersion = 5.12.0;
			};
		};
		8887B5722FB602DD0037DC4D /* XCRemoteSwiftPackageReference "AppsFlyerFramework-Static" */ = {
			isa = XCRemoteSwiftPackageReference;
			repositoryURL = "https://github.com/AppsFlyerSDK/AppsFlyerFramework-Static";
			requirement = {
				kind = upToNextMajorVersion;
				minimumVersion = 6.18.0;
			};
		};
/* End XCRemoteSwiftPackageReference section */

/* Begin XCSwiftPackageProductDependency section */
		8887B5702FB602CD0037DC4D /* AlamofireDynamic */ = {
			isa = XCSwiftPackageProductDependency;
			package = 8887B56F2FB602CD0037DC4D /* XCRemoteSwiftPackageReference "Alamofire" */;
			productName = AlamofireDynamic;
		};
		8887B5732FB602DD0037DC4D /* AppsFlyerLib-Static */ = {
			isa = XCSwiftPackageProductDependency;
			package = 8887B5722FB602DD0037DC4D /* XCRemoteSwiftPackageReference "AppsFlyerFramework-Static" */;
			productName = "AppsFlyerLib-Static";
		};
/* End XCSwiftPackageProductDependency section */
	};
	rootObject = 305A64BD2FB3B02E00067722 /* Project object */;
}
